
Microsoft Visual Studio Solution File, Format Version 12.00
# Visual Studio Version 17
VisualStudioVersion = 17.5.002.0
MinimumVisualStudioVersion = 10.0.40219.1
Project("{9A19103F-16F7-4668-BE54-9A1E7A4F7556}") = "E-Commerce MVC", "E-Commerce MVC.csproj", "{AB418E34-711F-4BE1-8E36-26F54C909EAD}"
EndProject
Global
	GlobalSection(SolutionConfigurationPlatforms) = preSolution
		Debug|Any CPU = Debug|Any CPU
		Release|Any CPU = Release|Any CPU
	EndGlobalSection
	GlobalSection(ProjectConfigurationPlatforms) = postSolution
		{AB418E34-711F-4BE1-8E36-26F54C909EAD}.Debug|Any CPU.ActiveCfg = Debug|Any CPU
		{AB418E34-711F-4BE1-8E36-26F54C909EAD}.Debug|Any CPU.Build.0 = Debug|Any CPU
		{AB418E34-711F-4BE1-8E36-26F54C909EAD}.Release|Any CPU.ActiveCfg = Release|Any CPU
		{AB418E34-711F-4BE1-8E36-26F54C909EAD}.Release|Any CPU.Build.0 = Release|Any CPU
	EndGlobalSection
	GlobalSection(SolutionProperties) = preSolution
		HideSolutionNode = FALSE
	EndGlobalSection
	GlobalSection(ExtensibilityGlobals) = postSolution
		SolutionGuid = {181D1ACA-3F61-4543-9306-FD37442BF778}
	EndGlobalSection
EndGlobal
